
Microsoft Visual Studio Solution File, Format Version 12.00
# Visual Studio Version 16
VisualStudioVersion = 16.0.30114.105
MinimumVisualStudioVersion = 10.0.40219.1
Project("{FAE04EC0-301F-11D3-BF4B-00C04F79EFBC}") = "Day01", "Day01\Day01.csproj", "{D36C8898-6FBC-4E89-9E0C-03B6ABA3F6FE}"
EndProject
Project("{FAE04EC0-301F-11D3-BF4B-00C04F79EFBC}") = "Day02", "Day02\Day02.csproj", "{00B224C5-571C-4052-975B-78E933B29FD6}"
EndProject
Project("{FAE04EC0-301F-11D3-BF4B-00C04F79EFBC}") = "Day03", "Day03\Day03.csproj", "{406B0E8D-CC60-4897-95CE-87C16C6B4DD9}"
EndProject
Project("{FAE04EC0-301F-11D3-BF4B-00C04F79EFBC}") = "Day04", "Day04\Day04.csproj", "{68649596-5823-40FD-8E17-ACD79777D51B}"
EndProject
Project("{FAE04EC0-301F-11D3-BF4B-00C04F79EFBC}") = "Day05", "Day05\Day05.csproj", "{82BAD848-688A-471A-9EB7-67AA2EE8855A}"
EndProject
Project("{FAE04EC0-301F-11D3-BF4B-00C04F79EFBC}") = "Day06", "Day06\Day06.csproj", "{DDA146D9-B21C-4309-8270-CBBBD00E5081}"
EndProject
Project("{FAE04EC0-301F-11D3-BF4B-00C04F79EFBC}") = "Day07", "Day07\Day07.csproj", "{213E7A6B-4AE3-4C98-A4F6-BF5512832EA1}"
EndProject
Project("{FAE04EC0-301F-11D3-BF4B-00C04F79EFBC}") = "Day08", "Day08\Day08.csproj", "{775304B0-A61E-4818-ACC9-61F2C846A00B}"
EndProject
Project("{FAE04EC0-301F-11D3-BF4B-00C04F79EFBC}") = "Day09", "Day09\Day09.csproj", "{005273AC-20DD-4EDB-A1E3-ACB36184D0BC}"
EndProject
Global
	GlobalSection(SolutionConfigurationPlatforms) = preSolution
		Debug|Any CPU = Debug|Any CPU
		Release|Any CPU = Release|Any CPU
	EndGlobalSection
	GlobalSection(SolutionProperties) = preSolution
		HideSolutionNode = FALSE
	EndGlobalSection
	GlobalSection(ProjectConfigurationPlatforms) = postSolution
		{D36C8898-6FBC-4E89-9E0C-03B6ABA3F6FE}.Debug|Any CPU.ActiveCfg = Debug|Any CPU
		{D36C8898-6FBC-4E89-9E0C-03B6ABA3F6FE}.Debug|Any CPU.Build.0 = Debug|Any CPU
		{D36C8898-6FBC-4E89-9E0C-03B6ABA3F6FE}.Release|Any CPU.ActiveCfg = Release|Any CPU
		{D36C8898-6FBC-4E89-9E0C-03B6ABA3F6FE}.Release|Any CPU.Build.0 = Release|Any CPU
		{00B224C5-571C-4052-975B-78E933B29FD6}.Debug|Any CPU.ActiveCfg = Debug|Any CPU
		{00B224C5-571C-4052-975B-78E933B29FD6}.Debug|Any CPU.Build.0 = Debug|Any CPU
		{00B224C5-571C-4052-975B-78E933B29FD6}.Release|Any CPU.ActiveCfg = Release|Any CPU
		{00B224C5-571C-4052-975B-78E933B29FD6}.Release|Any CPU.Build.0 = Release|Any CPU
		{406B0E8D-CC60-4897-95CE-87C16C6B4DD9}.Debug|Any CPU.ActiveCfg = Debug|Any CPU
		{406B0E8D-CC60-4897-95CE-87C16C6B4DD9}.Debug|Any CPU.Build.0 = Debug|Any CPU
		{406B0E8D-CC60-4897-95CE-87C16C6B4DD9}.Release|Any CPU.ActiveCfg = Release|Any CPU
		{406B0E8D-CC60-4897-95CE-87C16C6B4DD9}.Release|Any CPU.Build.0 = Release|Any CPU
		{68649596-5823-40FD-8E17-ACD79777D51B}.Debug|Any CPU.ActiveCfg = Debug|Any CPU
		{68649596-5823-40FD-8E17-ACD79777D51B}.Debug|Any CPU.Build.0 = Debug|Any CPU
		{68649596-5823-40FD-8E17-ACD79777D51B}.Release|Any CPU.ActiveCfg = Release|Any CPU
		{68649596-5823-40FD-8E17-ACD79777D51B}.Release|Any CPU.Build.0 = Release|Any CPU
		{82BAD848-688A-471A-9EB7-67AA2EE8855A}.Debug|Any CPU.ActiveCfg = Debug|Any CPU
		{82BAD848-688A-471A-9EB7-67AA2EE8855A}.Debug|Any CPU.Build.0 = Debug|Any CPU
		{82BAD848-688A-471A-9EB7-67AA2EE8855A}.Release|Any CPU.ActiveCfg = Release|Any CPU
		{82BAD848-688A-471A-9EB7-67AA2EE8855A}.Release|Any CPU.Build.0 = Release|Any CPU
		{DDA146D9-B21C-4309-8270-CBBBD00E5081}.Debug|Any CPU.ActiveCfg = Debug|Any CPU
		{DDA146D9-B21C-4309-8270-CBBBD00E5081}.Debug|Any CPU.Build.0 = Debug|Any CPU
		{DDA146D9-B21C-4309-8270-CBBBD00E5081}.Release|Any CPU.ActiveCfg = Release|Any CPU
		{DDA146D9-B21C-4309-8270-CBBBD00E5081}.Release|Any CPU.Build.0 = Release|Any CPU
		{213E7A6B-4AE3-4C98-A4F6-BF5512832EA1}.Debug|Any CPU.ActiveCfg = Debug|Any CPU
		{213E7A6B-4AE3-4C98-A4F6-BF5512832EA1}.Debug|Any CPU.Build.0 = Debug|Any CPU
		{213E7A6B-4AE3-4C98-A4F6-BF5512832EA1}.Release|Any CPU.ActiveCfg = Release|Any CPU
		{213E7A6B-4AE3-4C98-A4F6-BF5512832EA1}.Release|Any CPU.Build.0 = Release|Any CPU
		{775304B0-A61E-4818-ACC9-61F2C846A00B}.Debug|Any CPU.ActiveCfg = Debug|Any CPU
		{775304B0-A61E-4818-ACC9-61F2C846A00B}.Debug|Any CPU.Build.0 = Debug|Any CPU
		{775304B0-A61E-4818-ACC9-61F2C846A00B}.Release|Any CPU.ActiveCfg = Release|Any CPU
		{775304B0-A61E-4818-ACC9-61F2C846A00B}.Release|Any CPU.Build.0 = Release|Any CPU
		{005273AC-20DD-4EDB-A1E3-ACB36184D0BC}.Debug|Any CPU.ActiveCfg = Debug|Any CPU
		{005273AC-20DD-4EDB-A1E3-ACB36184D0BC}.Debug|Any CPU.Build.0 = Debug|Any CPU
		{005273AC-20DD-4EDB-A1E3-ACB36184D0BC}.Release|Any CPU.ActiveCfg = Release|Any CPU
		{005273AC-20DD-4EDB-A1E3-ACB36184D0BC}.Release|Any CPU.Build.0 = Release|Any CPU
	EndGlobalSection
EndGlobal
